// !$*UTF8*$!
{
	archiveVersion = 1;
	classes = {
	};
	objectVersion = 55;
	objects = {

/* Begin PBXBuildFile section */
		5A4C497A282A20210015F781 /* Assets.xcassets in Resources */ = {isa = PBXBuildFile; fileRef = 5A4C4979282A20210015F781 /* Assets.xcassets */; };
		5A4C497D282A20210015F781 /* Preview Assets.xcassets in Resources */ = {isa = PBXBuildFile; fileRef = 5A4C497C282A20210015F781 /* Preview Assets.xcassets */; };
		5A4C498D282A20830015F781 /* MyKallaApp.swift in Sources */ = {isa = PBXBuildFile; fileRef = 5A4C498C282A20830015F781 /* MyKallaApp.swift */; };
		5A917297282B485D000F9731 /* Main.swift in Sources */ = {isa = PBXBuildFile; fileRef = 5A917296282B485D000F9731 /* Main.swift */; };
		5A917299282B4A08000F9731 /* BlurView.swift in Sources */ = {isa = PBXBuildFile; fileRef = 5A917298282B4A08000F9731 /* BlurView.swift */; };
		5A91729B282B4A2F000F9731 /* CustomEdge.swift in Sources */ = {isa = PBXBuildFile; fileRef = 5A91729A282B4A2F000F9731 /* CustomEdge.swift */; };
		5A91729D282B4A46000F9731 /* ColorCard.swift in Sources */ = {isa = PBXBuildFile; fileRef = 5A91729C282B4A46000F9731 /* ColorCard.swift */; };
		5A9172A6282B686C000F9731 /* ColorCollection.xcdatamodeld in Sources */ = {isa = PBXBuildFile; fileRef = 5A9172A4282B686C000F9731 /* ColorCollection.xcdatamodeld */; };
		5A9172A8282B68BF000F9731 /* ColorDataController.swift in Sources */ = {isa = PBXBuildFile; fileRef = 5A9172A7282B68BF000F9731 /* ColorDataController.swift */; };
/* End PBXBuildFile section */

/* Begin PBXFileReference section */
		5A4C4972282A20200015F781 /* MyKalla.app */ = {isa = PBXFileReference; explicitFileType = wrapper.application; includeInIndex = 0; path = MyKalla.app; sourceTree = BUILT_PRODUCTS_DIR; };
		5A4C4979282A20210015F781 /* Assets.xcassets */ = {isa = PBXFileReference; lastKnownFileType = folder.assetcatalog; path = Assets.xcassets; sourceTree = "<group>"; };
		5A4C497C282A20210015F781 /* Preview Assets.xcassets */ = {isa = PBXFileReference; lastKnownFileType = folder.assetcatalog; path = "Preview Assets.xcassets"; sourceTree = "<group>"; };
		5A4C498C282A20830015F781 /* MyKallaApp.swift */ = {isa = PBXFileReference; fileEncoding = 4; lastKnownFileType = sourcecode.swift; name = MyKallaApp.swift; path = ../../Kalla/Kalla/MyKallaApp.swift; sourceTree = "<group>"; };
		5A917296282B485D000F9731 /* Main.swift */ = {isa = PBXFileReference; lastKnownFileType = sourcecode.swift; path = Main.swift; sourceTree = "<group>"; };
		5A917298282B4A08000F9731 /* BlurView.swift */ = {isa = PBXFileReference; lastKnownFileType = sourcecode.swift; path = BlurView.swift; sourceTree = "<group>"; };
		5A91729A282B4A2F000F9731 /* CustomEdge.swift */ = {isa = PBXFileReference; lastKnownFileType = sourcecode.swift; path = CustomEdge.swift; sourceTree = "<group>"; };
		5A91729C282B4A46000F9731 /* ColorCard.swift */ = {isa = PBXFileReference; lastKnownFileType = sourcecode.swift; path = ColorCard.swift; sourceTree = "<group>"; };
		5A9172A5282B686C000F9731 /* ColorCollection.xcdatamodel */ = {isa = PBXFileReference; lastKnownFileType = wrapper.xcdatamodel; path = ColorCollection.xcdatamodel; sourceTree = "<group>"; };
		5A9172A7282B68BF000F9731 /* ColorDataController.swift */ = {isa = PBXFileReference; lastKnownFileType = sourcecode.swift; path = ColorDataController.swift; sourceTree = "<group>"; };
/* End PBXFileReference section */

/* Begin PBXFrameworksBuildPhase section */
		5A4C496F282A20200015F781 /* Frameworks */ = {
			isa = PBXFrameworksBuildPhase;
			buildActionMask = 2147483647;
			files = (
			);
			runOnlyForDeploymentPostprocessing = 0;
		};
/* End PBXFrameworksBuildPhase section */

/* Begin PBXGroup section */
		5A4C4969282A20200015F781 = {
			isa = PBXGroup;
			children = (
				5A4C4974282A20200015F781 /* MyKalla */,
				5A4C4973282A20200015F781 /* Products */,
			);
			sourceTree = "<group>";
		};
		5A4C4973282A20200015F781 /* Products */ = {
			isa = PBXGroup;
			children = (
				5A4C4972282A20200015F781 /* MyKalla.app */,
			);
			name = Products;
			sourceTree = "<group>";
		};
		5A4C4974282A20200015F781 /* MyKalla */ = {
			isa = PBXGroup;
			children = (
				5A4C498C282A20830015F781 /* MyKallaApp.swift */,
				5A4C4983282A203C0015F781 /* View */,
				5A4C4979282A20210015F781 /* Assets.xcassets */,
				5A4C497B282A20210015F781 /* Preview Content */,
				5A9172A4282B686C000F9731 /* ColorCollection.xcdatamodeld */,
				5A9172A7282B68BF000F9731 /* ColorDataController.swift */,
			);
			path = MyKalla;
			sourceTree = "<group>";
		};
		5A4C497B282A20210015F781 /* Preview Content */ = {
			isa = PBXGroup;
			children = (
				5A4C497C282A20210015F781 /* Preview Assets.xcassets */,
			);
			path = "Preview Content";
			sourceTree = "<group>";
		};
		5A4C4983282A203C0015F781 /* View */ = {
			isa = PBXGroup;
			children = (
				5A917296282B485D000F9731 /* Main.swift */,
				5A917298282B4A08000F9731 /* BlurView.swift */,
				5A91729A282B4A2F000F9731 /* CustomEdge.swift */,
				5A91729C282B4A46000F9731 /* ColorCard.swift */,
			);
			path = View;
			sourceTree = "<group>";
		};
/* End PBXGroup section */

/* Begin PBXNativeTarget section */
		5A4C4971282A20200015F781 /* MyKalla */ = {
			isa = PBXNativeTarget;
			buildConfigurationList = 5A4C4980282A20210015F781 /* Build configuration list for PBXNativeTarget "MyKalla" */;
			buildPhases = (
				5A4C496E282A20200015F781 /* Sources */,
				5A4C496F282A20200015F781 /* Frameworks */,
				5A4C4970282A20200015F781 /* Resources */,
			);
			buildRules = (
			);
			dependencies = (
			);
			name = MyKalla;
			productName = MyKalla;
			productReference = 5A4C4972282A20200015F781 /* MyKalla.app */;
			productType = "com.apple.product-type.application";
		};
/* End PBXNativeTarget section */

/* Begin PBXProject section */
		5A4C496A282A20200015F781 /* Project object */ = {
			isa = PBXProject;
			attributes = {
				BuildIndependentTargetsInParallel = 1;
				LastSwiftUpdateCheck = 1330;
				LastUpgradeCheck = 1330;
				TargetAttributes = {
					5A4C4971282A20200015F781 = {
						CreatedOnToolsVersion = 13.3.1;
					};
				};
			};
			buildConfigurationList = 5A4C496D282A20200015F781 /* Build configuration list for PBXProject "MyKalla" */;
			compatibilityVersion = "Xcode 13.0";
			developmentRegion = en;
			hasScannedForEncodings = 0;
			knownRegions = (
				en,
				Base,
			);
			mainGroup = 5A4C4969282A20200015F781;
			productRefGroup = 5A4C4973282A20200015F781 /* Products */;
			projectDirPath = "";
			projectRoot = "";
			targets = (
				5A4C4971282A20200015F781 /* MyKalla */,
			);
		};
/* End PBXProject section */

/* Begin PBXResourcesBuildPhase section */
		5A4C4970282A20200015F781 /* Resources */ = {
			isa = PBXResourcesBuildPhase;
			buildActionMask = 2147483647;
			files = (
				5A4C497D282A20210015F781 /* Preview Assets.xcassets in Resources */,
				5A4C497A282A20210015F781 /* Assets.xcassets in Resources */,
			);
			runOnlyForDeploymentPostprocessing = 0;
		};
/* End PBXResourcesBuildPhase section */

/* Begin PBXSourcesBuildPhase section */
		5A4C496E282A20200015F781 /* Sources */ = {
			isa = PBXSourcesBuildPhase;
			buildActionMask = 2147483647;
			files = (
				5A917297282B485D000F9731 /* Main.swift in Sources */,
				5A91729D282B4A46000F9731 /* ColorCard.swift in Sources */,
				5A4C498D282A20830015F781 /* MyKallaApp.swift in Sources */,
				5A9172A8282B68BF000F9731 /* ColorDataController.swift in Sources */,
				5A917299282B4A08000F9731 /* BlurView.swift in Sources */,
				5A91729B282B4A2F000F9731 /* CustomEdge.swift in Sources */,
				5A9172A6282B686C000F9731 /* ColorCollection.xcdatamodeld in Sources */,
			);
			runOnlyForDeploymentPostprocessing = 0;
		};
/* End PBXSourcesBuildPhase section */

/* Begin XCBuildConfiguration section */
		5A4C497E282A20210015F781 /* Debug */ = {
			isa = XCBuildConfiguration;
			buildSettings = {
				ALWAYS_SEARCH_USER_PATHS = NO;
				CLANG_ANALYZER_NONNULL = YES;
				CLANG_ANALYZER_NUMBER_OBJECT_CONVERSION = YES_AGGRESSIVE;
				CLANG_CXX_LANGUAGE_STANDARD = "gnu++17";
				CLANG_ENABLE_MODULES = YES;
				CLANG_ENABLE_OBJC_ARC = YES;
				CLANG_ENABLE_OBJC_WEAK = YES;
				CLANG_WARN_BLOCK_CAPTURE_AUTORELEASING = YES;
				CLANG_WARN_BOOL_CONVERSION = YES;
				CLANG_WARN_COMMA = YES;
				CLANG_WARN_CONSTANT_CONVERSION = YES;
				CLANG_WARN_DEPRECATED_OBJC_IMPLEMENTATIONS = YES;
				CLANG_WARN_DIRECT_OBJC_ISA_USAGE = YES_ERROR;
				CLANG_WARN_DOCUMENTATION_COMMENTS = YES;
				CLANG_WARN_EMPTY_BODY = YES;
				CLANG_WARN_ENUM_CONVERSION = YES;
				CLANG_WARN_INFINITE_RECURSION = YES;
				CLANG_WARN_INT_CONVERSION = YES;
				CLANG_WARN_NON_LITERAL_NULL_CONVERSION = YES;
				CLANG_WARN_OBJC_IMPLICIT_RETAIN_SELF = YES;
				CLANG_WARN_OBJC_LITERAL_CONVERSION = YES;
				CLANG_WARN_OBJC_ROOT_CLASS = YES_ERROR;
				CLANG_WARN_QUOTED_INCLUDE_IN_FRAMEWORK_HEADER = YES;
				CLANG_WARN_RANGE_LOOP_ANALYSIS = YES;
				CLANG_WARN_STRICT_PROTOTYPES = YES;
				CLANG_WARN_SUSPICIOUS_MOVE = YES;
				CLANG_WARN_UNGUARDED_AVAILABILITY = YES_AGGRESSIVE;
				CLANG_WARN_UNREACHABLE_CODE = YES;
				CLANG_WARN__DUPLICATE_METHOD_MATCH = YES;
				COPY_PHASE_STRIP = NO;
				DEBUG_INFORMATION_FORMAT = dwarf;
				ENABLE_STRICT_OBJC_MSGSEND = YES;
				ENABLE_TESTABILITY = YES;
				GCC_C_LANGUAGE_STANDARD = gnu11;
				GCC_DYNAMIC_NO_PIC = NO;
				GCC_NO_COMMON_BLOCKS = YES;
				GCC_OPTIMIZATION_LEVEL = 0;
				GCC_PREPROCESSOR_DEFINITIONS = (
					"DEBUG=1",
					"$(inherited)",
				);
				GCC_WARN_64_TO_32_BIT_CONVERSION = YES;
				GCC_WARN_ABOUT_RETURN_TYPE = YES_ERROR;
				GCC_WARN_UNDECLARED_SELECTOR = YES;
				GCC_WARN_UNINITIALIZED_AUTOS = YES_AGGRESSIVE;
				GCC_WARN_UNUSED_FUNCTION = YES;
				GCC_WARN_UNUSED_VARIABLE = YES;
				IPHONEOS_DEPLOYMENT_TARGET = 15.4;
				MTL_ENABLE_DEBUG_INFO = INCLUDE_SOURCE;
				MTL_FAST_MATH = YES;
				ONLY_ACTIVE_ARCH = YES;
				SDKROOT = iphoneos;
				SWIFT_ACTIVE_COMPILATION_CONDITIONS = DEBUG;
				SWIFT_OPTIMIZATION_LEVEL = "-Onone";
			};
			name = Debug;
		};
		5A4C497F282A20210015F781 /* Release */ = {
			isa = XCBuildConfiguration;
			buildSettings = {
				ALWAYS_SEARCH_USER_PATHS = NO;
				CLANG_ANALYZER_NONNULL = YES;
				CLANG_ANALYZER_NUMBER_OBJECT_CONVERSION = YES_AGGRESSIVE;
				CLANG_CXX_LANGUAGE_STANDARD = "gnu++17";
				CLANG_ENABLE_MODULES = YES;
				CLANG_ENABLE_OBJC_ARC = YES;
				CLANG_ENABLE_OBJC_WEAK = YES;
				CLANG_WARN_BLOCK_CAPTURE_AUTORELEASING = YES;
				CLANG_WARN_BOOL_CONVERSION = YES;
				CLANG_WARN_COMMA = YES;
				CLANG_WARN_CONSTANT_CONVERSION = YES;
				CLANG_WARN_DEPRECATED_OBJC_IMPLEMENTATIONS = YES;
				CLANG_WARN_DIRECT_OBJC_ISA_USAGE = YES_ERROR;
				CLANG_WARN_DOCUMENTATION_COMMENTS = YES;
				CLANG_WARN_EMPTY_BODY = YES;
				CLANG_WARN_ENUM_CONVERSION = YES;
				CLANG_WARN_INFINITE_RECURSION = YES;
				CLANG_WARN_INT_CONVERSION = YES;
				CLANG_WARN_NON_LITERAL_NULL_CONVERSION = YES;
				CLANG_WARN_OBJC_IMPLICIT_RETAIN_SELF = YES;
				CLANG_WARN_OBJC_LITERAL_CONVERSION = YES;
				CLANG_WARN_OBJC_ROOT_CLASS = YES_ERROR;
				CLANG_WARN_QUOTED_INCLUDE_IN_FRAMEWORK_HEADER = YES;
				CLANG_WARN_RANGE_LOOP_ANALYSIS = YES;
				CLANG_WARN_STRICT_PROTOTYPES = YES;
				CLANG_WARN_SUSPICIOUS_MOVE = YES;
				CLANG_WARN_UNGUARDED_AVAILABILITY = YES_AGGRESSIVE;
				CLANG_WARN_UNREACHABLE_CODE = YES;
				CLANG_WARN__DUPLICATE_METHOD_MATCH = YES;
				COPY_PHASE_STRIP = NO;
				DEBUG_INFORMATION_FORMAT = "dwarf-with-dsym";
				ENABLE_NS_ASSERTIONS = NO;
				ENABLE_STRICT_OBJC_MSGSEND = YES;
				GCC_C_LANGUAGE_STANDARD = gnu11;
				GCC_NO_COMMON_BLOCKS = YES;
				GCC_WARN_64_TO_32_BIT_CONVERSION = YES;
				GCC_WARN_ABOUT_RETURN_TYPE = YES_ERROR;
				GCC_WARN_UNDECLARED_SELECTOR = YES;
				GCC_WARN_UNINITIALIZED_AUTOS = YES_AGGRESSIVE;
				GCC_WARN_UNUSED_FUNCTION = YES;
				GCC_WARN_UNUSED_VARIABLE = YES;
				IPHONEOS_DEPLOYMENT_TARGET = 15.4;
				MTL_ENABLE_DEBUG_INFO = NO;
				MTL_FAST_MATH = YES;
				SDKROOT = iphoneos;
				SWIFT_COMPILATION_MODE = wholemodule;
				SWIFT_OPTIMIZATION_LEVEL = "-O";
				VALIDATE_PRODUCT = YES;
			};
			name = Release;
		};
		5A4C4981282A20210015F781 /* Debug */ = {
			isa = XCBuildConfiguration;
			buildSettings = {
				ASSETCATALOG_COMPILER_APPICON_NAME = AppIcon;
				ASSETCATALOG_COMPILER_GLOBAL_ACCENT_COLOR_NAME = AccentColor;
				CODE_SIGN_STYLE = Automatic;
				CURRENT_PROJECT_VERSION = 1;
				DEVELOPMENT_ASSET_PATHS = "\"MyKalla/Preview Content\"";
				DEVELOPMENT_TEAM = 56YNX87MHG;
				ENABLE_PREVIEWS = YES;
				GENERATE_INFOPLIST_FILE = YES;
				INFOPLIST_KEY_UIApplicationSceneManifest_Generation = YES;
				INFOPLIST_KEY_UIApplicationSupportsIndirectInputEvents = YES;
				INFOPLIST_KEY_UILaunchScreen_Generation = YES;
				INFOPLIST_KEY_UISupportedInterfaceOrientations_iPad = "UIInterfaceOrientationPortrait UIInterfaceOrientationPortraitUpsideDown UIInterfaceOrientationLandscapeLeft UIInterfaceOrientationLandscapeRight";
				INFOPLIST_KEY_UISupportedInterfaceOrientations_iPhone = "UIInterfaceOrientationPortrait UIInterfaceOrientationLandscapeLeft UIInterfaceOrientationLandscapeRight";
				LD_RUNPATH_SEARCH_PATHS = (
					"$(inherited)",
					"@executable_path/Frameworks",
				);
				MARKETING_VERSION = 1.0;
				PRODUCT_BUNDLE_IDENTIFIER = com.hafshy.MyKalla;
				PRODUCT_NAME = "$(TARGET_NAME)";
				SWIFT_EMIT_LOC_STRINGS = YES;
				SWIFT_VERSION = 5.0;
				TARGETED_DEVICE_FAMILY = "1,2";
			};
			name = Debug;
		};
		5A4C4982282A20210015F781 /* Release */ = {
			isa = XCBuildConfiguration;
			buildSettings = {
				ASSETCATALOG_COMPILER_APPICON_NAME = AppIcon;
				ASSETCATALOG_COMPILER_GLOBAL_ACCENT_COLOR_NAME = AccentColor;
				CODE_SIGN_STYLE = Automatic;
				CURRENT_PROJECT_VERSION = 1;
				DEVELOPMENT_ASSET_PATHS = "\"MyKalla/Preview Content\"";
				DEVELOPMENT_TEAM = 56YNX87MHG;
				ENABLE_PREVIEWS = YES;
				GENERATE_INFOPLIST_FILE = YES;
				INFOPLIST_KEY_UIApplicationSceneManifest_Generation = YES;
				INFOPLIST_KEY_UIApplicationSupportsIndirectInputEvents = YES;
				INFOPLIST_KEY_UILaunchScreen_Generation = YES;
				INFOPLIST_KEY_UISupportedInterfaceOrientations_iPad = "UIInterfaceOrientationPortrait UIInterfaceOrientationPortraitUpsideDown UIInterfaceOrientationLandscapeLeft UIInterfaceOrientationLandscapeRight";
				INFOPLIST_KEY_UISupportedInterfaceOrientations_iPhone = "UIInterfaceOrientationPortrait UIInterfaceOrientationLandscapeLeft UIInterfaceOrientationLandscapeRight";
				LD_RUNPATH_SEARCH_PATHS = (
					"$(inherited)",
					"@executable_path/Frameworks",
				);
				MARKETING_VERSION = 1.0;
				PRODUCT_BUNDLE_IDENTIFIER = com.hafshy.MyKalla;
				PRODUCT_NAME = "$(TARGET_NAME)";
				SWIFT_EMIT_LOC_STRINGS = YES;
				SWIFT_VERSION = 5.0;
				TARGETED_DEVICE_FAMILY = "1,2";
			};
			name = Release;
		};
/* End XCBuildConfiguration section */

/* Begin XCConfigurationList section */
		5A4C496D282A20200015F781 /* Build configuration list for PBXProject "MyKalla" */ = {
			isa = XCConfigurationList;
			buildConfigurations = (
				5A4C497E282A20210015F781 /* Debug */,
				5A4C497F282A20210015F781 /* Release */,
			);
			defaultConfigurationIsVisible = 0;
			defaultConfigurationName = Release;
		};
		5A4C4980282A20210015F781 /* Build configuration list for PBXNativeTarget "MyKalla" */ = {
			isa = XCConfigurationList;
			buildConfigurations = (
				5A4C4981282A20210015F781 /* Debug */,
				5A4C4982282A20210015F781 /* Release */,
			);
			defaultConfigurationIsVisible = 0;
			defaultConfigurationName = Release;
		};
/* End XCConfigurationList section */

/* Begin XCVersionGroup section */
		5A9172A4282B686C000F9731 /* ColorCollection.xcdatamodeld */ = {
			isa = XCVersionGroup;
			children = (
				5A9172A5282B686C000F9731 /* ColorCollection.xcdatamodel */,
			);
			currentVersion = 5A9172A5282B686C000F9731 /* ColorCollection.xcdatamodel */;
			path = ColorCollection.xcdatamodeld;
			sourceTree = "<group>";
			versionGroupType = wrapper.xcdatamodel;
		};
/* End XCVersionGroup section */
	};
	rootObject = 5A4C496A282A20200015F781 /* Project object */;
}
